
Microsoft Visual Studio Solution File, Format Version 12.00
# Visual Studio Version 17
VisualStudioVersion = 17.8.34330.188
MinimumVisualStudioVersion = 10.0.40219.1
Project("{FAE04EC0-301F-11D3-BF4B-00C04F79EFBC}") = "Demo", "Demo\Demo.csproj", "{0DCA3F53-4EFA-4D3A-9939-59AD344AE639}"
EndProject
Global
	GlobalSection(SolutionConfigurationPlatforms) = preSolution
		Debug|Any CPU = Debug|Any CPU
		Release|Any CPU = Release|Any CPU
	EndGlobalSection
	GlobalSection(ProjectConfigurationPlatforms) = postSolution
		{0DCA3F53-4EFA-4D3A-9939-59AD344AE639}.Debug|Any CPU.ActiveCfg = Debug|Any CPU
		{0DCA3F53-4EFA-4D3A-9939-59AD344AE639}.Debug|Any CPU.Build.0 = Debug|Any CPU
		{0DCA3F53-4EFA-4D3A-9939-59AD344AE639}.Release|Any CPU.ActiveCfg = Release|Any CPU
		{0DCA3F53-4EFA-4D3A-9939-59AD344AE639}.Release|Any CPU.Build.0 = Release|Any CPU
	EndGlobalSection
	GlobalSection(SolutionProperties) = preSolution
		HideSolutionNode = FALSE
	EndGlobalSection
	GlobalSection(ExtensibilityGlobals) = postSolution
		SolutionGuid = {2AB3B336-C1EA-49C7-91E7-A6656634CF62}
	EndGlobalSection
EndGlobal
